PODS:
  - Alamofire (5.6.1)
  - Bootpay (3.5.1):
    - CryptoSwift
    - ObjectMapper
  - BootpayUI (1.0.3):
    - Alamofire
    - Bootpay (~> 3.5.1)
    - CryptoSwift
    - JGProgressHUD
    - ObjectMapper
    - SCLAlertView
    - SnapKit
  - CryptoSwift (1.4.3)
  - JGProgressHUD (2.2)
  - ObjectMapper (4.2.0)
  - SCLAlertView (0.8)
  - SnapKit (5.6.0)

DEPENDENCIES:
  - BootpayUI (from `../`)

SPEC REPOS:
  trunk:
    - Alamofire
    - Bootpay
    - CryptoSwift
    - JGProgressHUD
    - ObjectMapper
    - SCLAlertView
    - SnapKit

EXTERNAL SOURCES:
  BootpayUI:
    :path: "../"

SPEC CHECKSUMS:
  Alamofire: 87bd8c952f9a4454320fce00d9cc3de57bcadaf5
  Bootpay: bc2ebe5caee822975f8545264390f09b66621b46
  BootpayUI: eb6506ff5cb0500db03bc885e279afcbfcac5420
  CryptoSwift: a0799ee936271bd2253a006f1e4523df21845000
  JGProgressHUD: d83d7a981b85d11205e19ff8ad5bb9c40571c847
  ObjectMapper: 1eb41f610210777375fa806bf161dc39fb832b81
  SCLAlertView: 6a77bb2edfc65e04dbe57725546cb4107a506b85
  SnapKit: e01d52ebb8ddbc333eefe2132acf85c8227d9c25

PODFILE CHECKSUM: 220dbae4163c8fe5ca202d8a82b461663eaddc38

COCOAPODS: 1.11.2
