PODS:
  - Alamofire (5.9.1)
  - Bootpay (4.4.4):
    - CryptoSwift
    - NVActivityIndicatorView
    - ObjectMapper
  - BootpayUI (4.4.3):
    - Alamofire
    - Bootpay (~> 4.4.4)
    - CryptoSwift
    - JGProgressHUD
    - ObjectMapper
    - SCLAlertView
    - SnapKit
    - SwiftyJSON
  - CryptoSwift (1.8.3)
  - JGProgressHUD (2.2)
  - NVActivityIndicatorView (5.2.0):
    - NVActivityIndicatorView/Base (= 5.2.0)
  - NVActivityIndicatorView/Base (5.2.0)
  - ObjectMapper (4.4.2)
  - SCLAlertView (0.8)
  - SnapKit (5.7.1)
  - SwiftyJSON (5.0.2)

DEPENDENCIES:
  - BootpayUI (from `../`)

SPEC REPOS:
  trunk:
    - Alamofire
    - Bootpay
    - CryptoSwift
    - JGProgressHUD
    - NVActivityIndicatorView
    - ObjectMapper
    - SCLAlertView
    - SnapKit
    - SwiftyJSON

EXTERNAL SOURCES:
  BootpayUI:
    :path: "../"

SPEC CHECKSUMS:
  Alamofire: f36a35757af4587d8e4f4bfa223ad10be2422b8c
  Bootpay: ed9b04d0061931d4bb0c6a2e14dc44222168fde6
  BootpayUI: a0f38853a4b87e5819acc9f2d22dc9ad2713d13e
  CryptoSwift: 967f37cea5a3294d9cce358f78861652155be483
  JGProgressHUD: d83d7a981b85d11205e19ff8ad5bb9c40571c847
  NVActivityIndicatorView: fe52a6a68664c2df8991d7d9e3d86d8d19453c53
  ObjectMapper: e6e4d91ff7f2861df7aecc536c92d8363f4c9677
  SCLAlertView: 6a77bb2edfc65e04dbe57725546cb4107a506b85
  SnapKit: d612e99e678a2d3b95bf60b0705ed0a35c03484a
  SwiftyJSON: f5b1bf1cd8dd53cd25887ac0eabcfd92301c6a5a

PODFILE CHECKSUM: 8fc62bf7f956ef4c3b8b59a5d0929cd34e13b4c5

COCOAPODS: 1.15.2
