PODS:
  - Alamofire (5.8.1)
  - Bootpay (4.4.4):
    - CryptoSwift
    - NVActivityIndicatorView
    - ObjectMapper
  - BootpayUI (4.4.1):
    - Alamofire
    - Bootpay (~> 4.4.4)
    - CryptoSwift
    - JGProgressHUD
    - ObjectMapper
    - SCLAlertView
    - SnapKit
    - SwiftyJSON
  - CryptoSwift (1.8.0)
  - JGProgressHUD (2.2)
  - NVActivityIndicatorView (5.1.1):
    - NVActivityIndicatorView/Base (= 5.1.1)
  - NVActivityIndicatorView/Base (5.1.1)
  - ObjectMapper (4.2.0)
  - SCLAlertView (0.8)
  - SnapKit (5.6.0)
  - SwiftyJSON (5.0.1)

DEPENDENCIES:
  - BootpayUI (from `../`)

SPEC REPOS:
  trunk:
    - Alamofire
    - Bootpay
    - CryptoSwift
    - JGProgressHUD
    - NVActivityIndicatorView
    - ObjectMapper
    - SCLAlertView
    - SnapKit
    - SwiftyJSON

EXTERNAL SOURCES:
  BootpayUI:
    :path: "../"

SPEC CHECKSUMS:
  Alamofire: 3ca42e259043ee0dc5c0cdd76c4bc568b8e42af7
  Bootpay: ed9b04d0061931d4bb0c6a2e14dc44222168fde6
  BootpayUI: b80b62040118d94e6ee1f92038aab6823962735b
  CryptoSwift: 52aaf3fce7337552863b1d952e408085f0e65030
  JGProgressHUD: d83d7a981b85d11205e19ff8ad5bb9c40571c847
  NVActivityIndicatorView: 1f6c5687f1171810aa27a3296814dc2d7dec3667
  ObjectMapper: 1eb41f610210777375fa806bf161dc39fb832b81
  SCLAlertView: 6a77bb2edfc65e04dbe57725546cb4107a506b85
  SnapKit: e01d52ebb8ddbc333eefe2132acf85c8227d9c25
  SwiftyJSON: 2f33a42c6fbc52764d96f13368585094bfd8aa5e

PODFILE CHECKSUM: 30980d854fe23b9536e734768709d7a046f6092c

COCOAPODS: 1.15.2
